{
  "name": "savvy-starter",
  "version": "1.0.0",
  "lockfileVersion": 1,
  "requires": true,
  "dependencies": {
    "touch-dnd": {
      "version": "1.2.1",
      "resolved": "https://registry.npmjs.org/touch-dnd/-/touch-dnd-1.2.1.tgz",
      "integrity": "sha512-FJgIuSyKtPZJapu7Mrt6EbOfoeQf059kgVW5w5/SabdXFX6y0td79IbD98gZ6bnEbRjjzeMI48PL/5NVAoS3Jg=="
    }
  }
}
