{
  "name": "savvy-starter",
  "version": "1.0.0",
  "lockfileVersion": 1,
  "requires": true,
  "dependencies": {
    "ccapture.js": {
      "version": "1.1.0",
      "resolved": "https://registry.npmjs.org/ccapture.js/-/ccapture.js-1.1.0.tgz",
      "integrity": "sha512-28kiHJzFsZ6b0OTfKpWpEwK2n/LTAgytK1uzB+413dzjHltdh2hP5Yg2qR0+9Xw3XoBMz5UkGCh8Ektr2rVlmw=="
    },
    "gif-capture-canvas": {
      "version": "1.0.1",
      "resolved": "https://registry.npmjs.org/gif-capture-canvas/-/gif-capture-canvas-1.0.1.tgz",
      "integrity": "sha512-g/SqMlRwNv52p51XJaVCnEG9GOSaTaHvjGGf/dnc7/yL+ND3nktIkT64Cl3840lQiKz8LDnv+FTibY0ePhN/yA=="
    },
    "touch-dnd": {
      "version": "1.2.1",
      "resolved": "https://registry.npmjs.org/touch-dnd/-/touch-dnd-1.2.1.tgz",
      "integrity": "sha512-FJgIuSyKtPZJapu7Mrt6EbOfoeQf059kgVW5w5/SabdXFX6y0td79IbD98gZ6bnEbRjjzeMI48PL/5NVAoS3Jg=="
    }
  }
}
